{
   "name": "to-do-database",
   "version": "0.0.1",
   "lockfileVersion": 1,
   "requires": true,
   "dependencies": {
      "@types/node": {
         "version": "8.10.61",
         "resolved": "https://registry.npmjs.org/@types/node/-/node-8.10.61.tgz",
         "integrity": "sha512-l+zSbvT8TPRaCxL1l9cwHCb0tSqGAGcjPJFItGGYat5oCTiq1uQQKYg5m7AF1mgnEBzFXGLJ2LRmNjtreRX76Q==",
         "dev": true
      },
      "reflect-metadata": {
         "version": "0.1.13",
         "resolved": "https://registry.npmjs.org/reflect-metadata/-/reflect-metadata-0.1.13.tgz",
         "integrity": "sha512-Ts1Y/anZELhSsjMcU605fU9RE4Oi3p5ORujwbIKXfWa+0Zxs510Qrmrce5/Jowq3cHSZSJqBjypxmHarc+vEWg=="
      }
   }
}
